// !$*UTF8*$!
{
	archiveVersion = 1;
	classes = {
	};
	objectVersion = 70;
	objects = {

/* Begin PBXBuildFile section */
		130FFC872A927AFA0042A161 /* QuestionNumberView.swift in Sources */ = {isa = PBXBuildFile; fileRef = 130FFC862A927AFA0042A161 /* QuestionNumberView.swift */; };
		130FFC8B2A9289670042A161 /* WarningMessageView.swift in Sources */ = {isa = PBXBuildFile; fileRef = 130FFC8A2A9289670042A161 /* WarningMessageView.swift */; };
		130FFC8D2A928C2A0042A161 /* EmptyRankingView.swift in Sources */ = {isa = PBXBuildFile; fileRef = 130FFC8C2A928C2A0042A161 /* EmptyRankingView.swift */; };
		13299D3327EA5BFC00BD2D5F /* QuizViewModel.swift in Sources */ = {isa = PBXBuildFile; fileRef = 13299D3227EA5BFC00BD2D5F /* QuizViewModel.swift */; };
		1369DD8C27D42B3000FC6343 /* IquizApp.swift in Sources */ = {isa = PBXBuildFile; fileRef = 1369DD8B27D42B3000FC6343 /* IquizApp.swift */; };
		1369DD9027D42B3200FC6343 /* Assets.xcassets in Resources */ = {isa = PBXBuildFile; fileRef = 1369DD8F27D42B3200FC6343 /* Assets.xcassets */; };
		1369DD9327D42B3200FC6343 /* Preview Assets.xcassets in Resources */ = {isa = PBXBuildFile; fileRef = 1369DD9227D42B3200FC6343 /* Preview Assets.xcassets */; };
		1374B9F127F3BAE900075500 /* StorageController.swift in Sources */ = {isa = PBXBuildFile; fileRef = 1374B9F027F3BAE900075500 /* StorageController.swift */; };
		137B3CAF27D4325200E3FE01 /* Question.swift in Sources */ = {isa = PBXBuildFile; fileRef = 137B3CAE27D4325200E3FE01 /* Question.swift */; };
		137B3CBC27D4450400E3FE01 /* Quiz.swift in Sources */ = {isa = PBXBuildFile; fileRef = 137B3CBB27D4450400E3FE01 /* Quiz.swift */; };
		13AFCF272A92288300BC4619 /* LoadingView.swift in Sources */ = {isa = PBXBuildFile; fileRef = 13AFCF262A92288300BC4619 /* LoadingView.swift */; };
		13BEC90527F07C8300EAF549 /* StartView.swift in Sources */ = {isa = PBXBuildFile; fileRef = 13BEC90427F07C8300EAF549 /* StartView.swift */; };
		13BEC90727F0839500EAF549 /* AnswerButton.swift in Sources */ = {isa = PBXBuildFile; fileRef = 13BEC90627F0839500EAF549 /* AnswerButton.swift */; };
		13BEC90927F0874F00EAF549 /* FormView.swift in Sources */ = {isa = PBXBuildFile; fileRef = 13BEC90827F0874F00EAF549 /* FormView.swift */; };
		13BEC90B27F08BB800EAF549 /* ImageView.swift in Sources */ = {isa = PBXBuildFile; fileRef = 13BEC90A27F08BB800EAF549 /* ImageView.swift */; };
		13C554262A9208760029F75E /* RankingView.swift in Sources */ = {isa = PBXBuildFile; fileRef = 13C554252A9208760029F75E /* RankingView.swift */; };
		13C554292A920BA70029F75E /* ScoreMock.swift in Sources */ = {isa = PBXBuildFile; fileRef = 13C554282A920BA70029F75E /* ScoreMock.swift */; };
		13C5542B2A9210660029F75E /* SingleLetterTextField.swift in Sources */ = {isa = PBXBuildFile; fileRef = 13C5542A2A9210660029F75E /* SingleLetterTextField.swift */; };
		13C5542D2A92120E0029F75E /* ButtonView.swift in Sources */ = {isa = PBXBuildFile; fileRef = 13C5542C2A92120E0029F75E /* ButtonView.swift */; };
		13E1724527E9D78C00FDE567 /* API.swift in Sources */ = {isa = PBXBuildFile; fileRef = 13E1724427E9D78C00FDE567 /* API.swift */; };
		13FA8DF72A91316000C90416 /* ArcadeNameEntryView.swift in Sources */ = {isa = PBXBuildFile; fileRef = 13FA8DF62A91316000C90416 /* ArcadeNameEntryView.swift */; };
		13FA8DF92A9138EF00C90416 /* TriviaQuestionView.swift in Sources */ = {isa = PBXBuildFile; fileRef = 13FA8DF82A9138EF00C90416 /* TriviaQuestionView.swift */; };
		13FE66F627EFBC2700F3A4ED /* trivial.json in Resources */ = {isa = PBXBuildFile; fileRef = 131CA51127EF43C300D54C63 /* trivial.json */; };
/* End PBXBuildFile section */

/* Begin PBXContainerItemProxy section */
		13F750282E2AE07900119B8A /* PBXContainerItemProxy */ = {
			isa = PBXContainerItemProxy;
			containerPortal = 1369DD8027D42B3000FC6343 /* Project object */;
			proxyType = 1;
			remoteGlobalIDString = 1369DD8727D42B3000FC6343;
			remoteInfo = Iquiz;
		};
		13F750352E2AE0AC00119B8A /* PBXContainerItemProxy */ = {
			isa = PBXContainerItemProxy;
			containerPortal = 1369DD8027D42B3000FC6343 /* Project object */;
			proxyType = 1;
			remoteGlobalIDString = 1369DD8727D42B3000FC6343;
			remoteInfo = Iquiz;
		};
/* End PBXContainerItemProxy section */

/* Begin PBXFileReference section */
		130FFC862A927AFA0042A161 /* QuestionNumberView.swift */ = {isa = PBXFileReference; lastKnownFileType = sourcecode.swift; path = QuestionNumberView.swift; sourceTree = "<group>"; };
		130FFC8A2A9289670042A161 /* WarningMessageView.swift */ = {isa = PBXFileReference; lastKnownFileType = sourcecode.swift; path = WarningMessageView.swift; sourceTree = "<group>"; };
		130FFC8C2A928C2A0042A161 /* EmptyRankingView.swift */ = {isa = PBXFileReference; lastKnownFileType = sourcecode.swift; path = EmptyRankingView.swift; sourceTree = "<group>"; };
		131CA51127EF43C300D54C63 /* trivial.json */ = {isa = PBXFileReference; lastKnownFileType = text.json; path = trivial.json; sourceTree = "<group>"; };
		13299D3227EA5BFC00BD2D5F /* QuizViewModel.swift */ = {isa = PBXFileReference; lastKnownFileType = sourcecode.swift; path = QuizViewModel.swift; sourceTree = "<group>"; };
		1369DD8827D42B3000FC6343 /* Iquiz.app */ = {isa = PBXFileReference; explicitFileType = wrapper.application; includeInIndex = 0; path = Iquiz.app; sourceTree = BUILT_PRODUCTS_DIR; };
		1369DD8B27D42B3000FC6343 /* IquizApp.swift */ = {isa = PBXFileReference; lastKnownFileType = sourcecode.swift; path = IquizApp.swift; sourceTree = "<group>"; };
		1369DD8F27D42B3200FC6343 /* Assets.xcassets */ = {isa = PBXFileReference; lastKnownFileType = folder.assetcatalog; path = Assets.xcassets; sourceTree = "<group>"; };
		1369DD9227D42B3200FC6343 /* Preview Assets.xcassets */ = {isa = PBXFileReference; lastKnownFileType = folder.assetcatalog; path = "Preview Assets.xcassets"; sourceTree = "<group>"; };
		1374B9F027F3BAE900075500 /* StorageController.swift */ = {isa = PBXFileReference; lastKnownFileType = sourcecode.swift; path = StorageController.swift; sourceTree = "<group>"; };
		137B3CAE27D4325200E3FE01 /* Question.swift */ = {isa = PBXFileReference; lastKnownFileType = sourcecode.swift; path = Question.swift; sourceTree = "<group>"; };
		137B3CBB27D4450400E3FE01 /* Quiz.swift */ = {isa = PBXFileReference; lastKnownFileType = sourcecode.swift; path = Quiz.swift; sourceTree = "<group>"; };
		13AFCF262A92288300BC4619 /* LoadingView.swift */ = {isa = PBXFileReference; lastKnownFileType = sourcecode.swift; path = LoadingView.swift; sourceTree = "<group>"; };
		13BEC90427F07C8300EAF549 /* StartView.swift */ = {isa = PBXFileReference; lastKnownFileType = sourcecode.swift; path = StartView.swift; sourceTree = "<group>"; };
		13BEC90627F0839500EAF549 /* AnswerButton.swift */ = {isa = PBXFileReference; lastKnownFileType = sourcecode.swift; path = AnswerButton.swift; sourceTree = "<group>"; };
		13BEC90827F0874F00EAF549 /* FormView.swift */ = {isa = PBXFileReference; lastKnownFileType = sourcecode.swift; path = FormView.swift; sourceTree = "<group>"; };
		13BEC90A27F08BB800EAF549 /* ImageView.swift */ = {isa = PBXFileReference; lastKnownFileType = sourcecode.swift; path = ImageView.swift; sourceTree = "<group>"; };
		13C554252A9208760029F75E /* RankingView.swift */ = {isa = PBXFileReference; lastKnownFileType = sourcecode.swift; path = RankingView.swift; sourceTree = "<group>"; };
		13C554282A920BA70029F75E /* ScoreMock.swift */ = {isa = PBXFileReference; lastKnownFileType = sourcecode.swift; path = ScoreMock.swift; sourceTree = "<group>"; };
		13C5542A2A9210660029F75E /* SingleLetterTextField.swift */ = {isa = PBXFileReference; lastKnownFileType = sourcecode.swift; path = SingleLetterTextField.swift; sourceTree = "<group>"; };
		13C5542C2A92120E0029F75E /* ButtonView.swift */ = {isa = PBXFileReference; lastKnownFileType = sourcecode.swift; path = ButtonView.swift; sourceTree = "<group>"; };
		13E1724427E9D78C00FDE567 /* API.swift */ = {isa = PBXFileReference; lastKnownFileType = sourcecode.swift; path = API.swift; sourceTree = "<group>"; };
		13F750222E2AE07900119B8A /* UITests.xctest */ = {isa = PBXFileReference; explicitFileType = wrapper.cfbundle; includeInIndex = 0; path = UITests.xctest; sourceTree = BUILT_PRODUCTS_DIR; };
		13F750312E2AE0AC00119B8A /* Tests.xctest */ = {isa = PBXFileReference; explicitFileType = wrapper.cfbundle; includeInIndex = 0; path = Tests.xctest; sourceTree = BUILT_PRODUCTS_DIR; };
		13FA8DF62A91316000C90416 /* ArcadeNameEntryView.swift */ = {isa = PBXFileReference; lastKnownFileType = sourcecode.swift; path = ArcadeNameEntryView.swift; sourceTree = "<group>"; };
		13FA8DF82A9138EF00C90416 /* TriviaQuestionView.swift */ = {isa = PBXFileReference; lastKnownFileType = sourcecode.swift; path = TriviaQuestionView.swift; sourceTree = "<group>"; };
/* End PBXFileReference section */

/* Begin PBXFileSystemSynchronizedRootGroup section */
		13F750232E2AE07900119B8A /* UITests */ = {isa = PBXFileSystemSynchronizedRootGroup; explicitFileTypes = {}; explicitFolders = (); path = UITests; sourceTree = "<group>"; };
		13F750322E2AE0AC00119B8A /* Tests */ = {isa = PBXFileSystemSynchronizedRootGroup; explicitFileTypes = {}; explicitFolders = (); path = Tests; sourceTree = "<group>"; };
/* End PBXFileSystemSynchronizedRootGroup section */

/* Begin PBXFrameworksBuildPhase section */
		1369DD8527D42B3000FC6343 /* Frameworks */ = {
			isa = PBXFrameworksBuildPhase;
			buildActionMask = 2147483647;
			files = (
			);
			runOnlyForDeploymentPostprocessing = 0;
		};
		13F7501F2E2AE07900119B8A /* Frameworks */ = {
			isa = PBXFrameworksBuildPhase;
			buildActionMask = 2147483647;
			files = (
			);
			runOnlyForDeploymentPostprocessing = 0;
		};
		13F7502E2E2AE0AC00119B8A /* Frameworks */ = {
			isa = PBXFrameworksBuildPhase;
			buildActionMask = 2147483647;
			files = (
			);
			runOnlyForDeploymentPostprocessing = 0;
		};
/* End PBXFrameworksBuildPhase section */

/* Begin PBXGroup section */
		1369DD7F27D42B3000FC6343 = {
			isa = PBXGroup;
			children = (
				1369DD8A27D42B3000FC6343 /* Iquiz */,
				13F750232E2AE07900119B8A /* UITests */,
				13F750322E2AE0AC00119B8A /* Tests */,
				1369DD8927D42B3000FC6343 /* Products */,
			);
			sourceTree = "<group>";
		};
		1369DD8927D42B3000FC6343 /* Products */ = {
			isa = PBXGroup;
			children = (
				1369DD8827D42B3000FC6343 /* Iquiz.app */,
				13F750222E2AE07900119B8A /* UITests.xctest */,
				13F750312E2AE0AC00119B8A /* Tests.xctest */,
			);
			name = Products;
			sourceTree = "<group>";
		};
		1369DD8A27D42B3000FC6343 /* Iquiz */ = {
			isa = PBXGroup;
			children = (
				13C554272A920B9B0029F75E /* Mocks */,
				13BEC90F27F09E4D00EAF549 /* Componets */,
				137B3CB827D4438500E3FE01 /* Data */,
				137B3CAD27D4323600E3FE01 /* Views */,
				1369DD8B27D42B3000FC6343 /* IquizApp.swift */,
				13299D3227EA5BFC00BD2D5F /* QuizViewModel.swift */,
				1369DD8F27D42B3200FC6343 /* Assets.xcassets */,
				1369DD9127D42B3200FC6343 /* Preview Content */,
				1374B9F027F3BAE900075500 /* StorageController.swift */,
			);
			path = Iquiz;
			sourceTree = "<group>";
		};
		1369DD9127D42B3200FC6343 /* Preview Content */ = {
			isa = PBXGroup;
			children = (
				1369DD9227D42B3200FC6343 /* Preview Assets.xcassets */,
			);
			path = "Preview Content";
			sourceTree = "<group>";
		};
		137B3CAD27D4323600E3FE01 /* Views */ = {
			isa = PBXGroup;
			children = (
				137B3CBB27D4450400E3FE01 /* Quiz.swift */,
				13AFCF262A92288300BC4619 /* LoadingView.swift */,
				137B3CAE27D4325200E3FE01 /* Question.swift */,
				13BEC90827F0874F00EAF549 /* FormView.swift */,
				13BEC90427F07C8300EAF549 /* StartView.swift */,
				13FA8DF82A9138EF00C90416 /* TriviaQuestionView.swift */,
				13C554252A9208760029F75E /* RankingView.swift */,
			);
			path = Views;
			sourceTree = "<group>";
		};
		137B3CB827D4438500E3FE01 /* Data */ = {
			isa = PBXGroup;
			children = (
				13E1724427E9D78C00FDE567 /* API.swift */,
				131CA51127EF43C300D54C63 /* trivial.json */,
			);
			path = Data;
			sourceTree = "<group>";
		};
		13BEC90F27F09E4D00EAF549 /* Componets */ = {
			isa = PBXGroup;
			children = (
				13BEC90627F0839500EAF549 /* AnswerButton.swift */,
				13BEC90A27F08BB800EAF549 /* ImageView.swift */,
				13FA8DF62A91316000C90416 /* ArcadeNameEntryView.swift */,
				13C5542A2A9210660029F75E /* SingleLetterTextField.swift */,
				13C5542C2A92120E0029F75E /* ButtonView.swift */,
				130FFC862A927AFA0042A161 /* QuestionNumberView.swift */,
				130FFC8A2A9289670042A161 /* WarningMessageView.swift */,
				130FFC8C2A928C2A0042A161 /* EmptyRankingView.swift */,
			);
			path = Componets;
			sourceTree = "<group>";
		};
		13C554272A920B9B0029F75E /* Mocks */ = {
			isa = PBXGroup;
			children = (
				13C554282A920BA70029F75E /* ScoreMock.swift */,
			);
			path = Mocks;
			sourceTree = "<group>";
		};
/* End PBXGroup section */

/* Begin PBXNativeTarget section */
		1369DD8727D42B3000FC6343 /* Iquiz */ = {
			isa = PBXNativeTarget;
			buildConfigurationList = 1369DDAC27D42B3300FC6343 /* Build configuration list for PBXNativeTarget "Iquiz" */;
			buildPhases = (
				1369DD8427D42B3000FC6343 /* Sources */,
				1369DD8527D42B3000FC6343 /* Frameworks */,
				1369DD8627D42B3000FC6343 /* Resources */,
			);
			buildRules = (
			);
			dependencies = (
			);
			name = Iquiz;
			productName = Iquiz;
			productReference = 1369DD8827D42B3000FC6343 /* Iquiz.app */;
			productType = "com.apple.product-type.application";
		};
		13F750212E2AE07900119B8A /* UITests */ = {
			isa = PBXNativeTarget;
			buildConfigurationList = 13F7502A2E2AE07900119B8A /* Build configuration list for PBXNativeTarget "UITests" */;
			buildPhases = (
				13F7501E2E2AE07900119B8A /* Sources */,
				13F7501F2E2AE07900119B8A /* Frameworks */,
				13F750202E2AE07900119B8A /* Resources */,
			);
			buildRules = (
			);
			dependencies = (
				13F750292E2AE07900119B8A /* PBXTargetDependency */,
			);
			fileSystemSynchronizedGroups = (
				13F750232E2AE07900119B8A /* UITests */,
			);
			name = UITests;
			packageProductDependencies = (
			);
			productName = UITests;
			productReference = 13F750222E2AE07900119B8A /* UITests.xctest */;
			productType = "com.apple.product-type.bundle.ui-testing";
		};
		13F750302E2AE0AC00119B8A /* Tests */ = {
			isa = PBXNativeTarget;
			buildConfigurationList = 13F750372E2AE0AC00119B8A /* Build configuration list for PBXNativeTarget "Tests" */;
			buildPhases = (
				13F7502D2E2AE0AC00119B8A /* Sources */,
				13F7502E2E2AE0AC00119B8A /* Frameworks */,
				13F7502F2E2AE0AC00119B8A /* Resources */,
			);
			buildRules = (
			);
			dependencies = (
				13F750362E2AE0AC00119B8A /* PBXTargetDependency */,
			);
			fileSystemSynchronizedGroups = (
				13F750322E2AE0AC00119B8A /* Tests */,
			);
			name = Tests;
			packageProductDependencies = (
			);
			productName = Tests;
			productReference = 13F750312E2AE0AC00119B8A /* Tests.xctest */;
			productType = "com.apple.product-type.bundle.unit-test";
		};
/* End PBXNativeTarget section */

/* Begin PBXProject section */
		1369DD8027D42B3000FC6343 /* Project object */ = {
			isa = PBXProject;
			attributes = {
				BuildIndependentTargetsInParallel = 1;
				LastSwiftUpdateCheck = 1640;
				LastUpgradeCheck = 1320;
				TargetAttributes = {
					1369DD8727D42B3000FC6343 = {
						CreatedOnToolsVersion = 13.2.1;
					};
					13F750212E2AE07900119B8A = {
						CreatedOnToolsVersion = 16.4;
						TestTargetID = 1369DD8727D42B3000FC6343;
					};
					13F750302E2AE0AC00119B8A = {
						CreatedOnToolsVersion = 16.4;
						TestTargetID = 1369DD8727D42B3000FC6343;
					};
				};
			};
			buildConfigurationList = 1369DD8327D42B3000FC6343 /* Build configuration list for PBXProject "Iquiz" */;
			compatibilityVersion = "Xcode 13.0";
			developmentRegion = en;
			hasScannedForEncodings = 0;
			knownRegions = (
				en,
				Base,
			);
			mainGroup = 1369DD7F27D42B3000FC6343;
			productRefGroup = 1369DD8927D42B3000FC6343 /* Products */;
			projectDirPath = "";
			projectRoot = "";
			targets = (
				1369DD8727D42B3000FC6343 /* Iquiz */,
				13F750212E2AE07900119B8A /* UITests */,
				13F750302E2AE0AC00119B8A /* Tests */,
			);
		};
/* End PBXProject section */

/* Begin PBXResourcesBuildPhase section */
		1369DD8627D42B3000FC6343 /* Resources */ = {
			isa = PBXResourcesBuildPhase;
			buildActionMask = 2147483647;
			files = (
				13FE66F627EFBC2700F3A4ED /* trivial.json in Resources */,
				1369DD9327D42B3200FC6343 /* Preview Assets.xcassets in Resources */,
				1369DD9027D42B3200FC6343 /* Assets.xcassets in Resources */,
			);
			runOnlyForDeploymentPostprocessing = 0;
		};
		13F750202E2AE07900119B8A /* Resources */ = {
			isa = PBXResourcesBuildPhase;
			buildActionMask = 2147483647;
			files = (
			);
			runOnlyForDeploymentPostprocessing = 0;
		};
		13F7502F2E2AE0AC00119B8A /* Resources */ = {
			isa = PBXResourcesBuildPhase;
			buildActionMask = 2147483647;
			files = (
			);
			runOnlyForDeploymentPostprocessing = 0;
		};
/* End PBXResourcesBuildPhase section */

/* Begin PBXSourcesBuildPhase section */
		1369DD8427D42B3000FC6343 /* Sources */ = {
			isa = PBXSourcesBuildPhase;
			buildActionMask = 2147483647;
			files = (
				13BEC90927F0874F00EAF549 /* FormView.swift in Sources */,
				13C5542B2A9210660029F75E /* SingleLetterTextField.swift in Sources */,
				13C5542D2A92120E0029F75E /* ButtonView.swift in Sources */,
				13FA8DF72A91316000C90416 /* ArcadeNameEntryView.swift in Sources */,
				13AFCF272A92288300BC4619 /* LoadingView.swift in Sources */,
				130FFC8D2A928C2A0042A161 /* EmptyRankingView.swift in Sources */,
				13BEC90527F07C8300EAF549 /* StartView.swift in Sources */,
				137B3CAF27D4325200E3FE01 /* Question.swift in Sources */,
				130FFC872A927AFA0042A161 /* QuestionNumberView.swift in Sources */,
				13FA8DF92A9138EF00C90416 /* TriviaQuestionView.swift in Sources */,
				13C554292A920BA70029F75E /* ScoreMock.swift in Sources */,
				13BEC90727F0839500EAF549 /* AnswerButton.swift in Sources */,
				130FFC8B2A9289670042A161 /* WarningMessageView.swift in Sources */,
				13299D3327EA5BFC00BD2D5F /* QuizViewModel.swift in Sources */,
				1369DD8C27D42B3000FC6343 /* IquizApp.swift in Sources */,
				137B3CBC27D4450400E3FE01 /* Quiz.swift in Sources */,
				13E1724527E9D78C00FDE567 /* API.swift in Sources */,
				13BEC90B27F08BB800EAF549 /* ImageView.swift in Sources */,
				13C554262A9208760029F75E /* RankingView.swift in Sources */,
				1374B9F127F3BAE900075500 /* StorageController.swift in Sources */,
			);
			runOnlyForDeploymentPostprocessing = 0;
		};
		13F7501E2E2AE07900119B8A /* Sources */ = {
			isa = PBXSourcesBuildPhase;
			buildActionMask = 2147483647;
			files = (
			);
			runOnlyForDeploymentPostprocessing = 0;
		};
		13F7502D2E2AE0AC00119B8A /* Sources */ = {
			isa = PBXSourcesBuildPhase;
			buildActionMask = 2147483647;
			files = (
			);
			runOnlyForDeploymentPostprocessing = 0;
		};
/* End PBXSourcesBuildPhase section */

/* Begin PBXTargetDependency section */
		13F750292E2AE07900119B8A /* PBXTargetDependency */ = {
			isa = PBXTargetDependency;
			target = 1369DD8727D42B3000FC6343 /* Iquiz */;
			targetProxy = 13F750282E2AE07900119B8A /* PBXContainerItemProxy */;
		};
		13F750362E2AE0AC00119B8A /* PBXTargetDependency */ = {
			isa = PBXTargetDependency;
			target = 1369DD8727D42B3000FC6343 /* Iquiz */;
			targetProxy = 13F750352E2AE0AC00119B8A /* PBXContainerItemProxy */;
		};
/* End PBXTargetDependency section */

/* Begin XCBuildConfiguration section */
		1369DDAA27D42B3300FC6343 /* Debug */ = {
			isa = XCBuildConfiguration;
			buildSettings = {
				ALWAYS_SEARCH_USER_PATHS = NO;
				CLANG_ANALYZER_NONNULL = YES;
				CLANG_ANALYZER_NUMBER_OBJECT_CONVERSION = YES_AGGRESSIVE;
				CLANG_CXX_LANGUAGE_STANDARD = "gnu++17";
				CLANG_CXX_LIBRARY = "libc++";
				CLANG_ENABLE_MODULES = YES;
				CLANG_ENABLE_OBJC_ARC = YES;
				CLANG_ENABLE_OBJC_WEAK = YES;
				CLANG_WARN_BLOCK_CAPTURE_AUTORELEASING = YES;
				CLANG_WARN_BOOL_CONVERSION = YES;
				CLANG_WARN_COMMA = YES;
				CLANG_WARN_CONSTANT_CONVERSION = YES;
				CLANG_WARN_DEPRECATED_OBJC_IMPLEMENTATIONS = YES;
				CLANG_WARN_DIRECT_OBJC_ISA_USAGE = YES_ERROR;
				CLANG_WARN_DOCUMENTATION_COMMENTS = YES;
				CLANG_WARN_EMPTY_BODY = YES;
				CLANG_WARN_ENUM_CONVERSION = YES;
				CLANG_WARN_INFINITE_RECURSION = YES;
				CLANG_WARN_INT_CONVERSION = YES;
				CLANG_WARN_NON_LITERAL_NULL_CONVERSION = YES;
				CLANG_WARN_OBJC_IMPLICIT_RETAIN_SELF = YES;
				CLANG_WARN_OBJC_LITERAL_CONVERSION = YES;
				CLANG_WARN_OBJC_ROOT_CLASS = YES_ERROR;
				CLANG_WARN_QUOTED_INCLUDE_IN_FRAMEWORK_HEADER = YES;
				CLANG_WARN_RANGE_LOOP_ANALYSIS = YES;
				CLANG_WARN_STRICT_PROTOTYPES = YES;
				CLANG_WARN_SUSPICIOUS_MOVE = YES;
				CLANG_WARN_UNGUARDED_AVAILABILITY = YES_AGGRESSIVE;
				CLANG_WARN_UNREACHABLE_CODE = YES;
				CLANG_WARN__DUPLICATE_METHOD_MATCH = YES;
				COPY_PHASE_STRIP = NO;
				DEBUG_INFORMATION_FORMAT = dwarf;
				ENABLE_STRICT_OBJC_MSGSEND = YES;
				ENABLE_TESTABILITY = YES;
				GCC_C_LANGUAGE_STANDARD = gnu11;
				GCC_DYNAMIC_NO_PIC = NO;
				GCC_NO_COMMON_BLOCKS = YES;
				GCC_OPTIMIZATION_LEVEL = 0;
				GCC_PREPROCESSOR_DEFINITIONS = (
					"DEBUG=1",
					"$(inherited)",
				);
				GCC_WARN_64_TO_32_BIT_CONVERSION = YES;
				GCC_WARN_ABOUT_RETURN_TYPE = YES_ERROR;
				GCC_WARN_UNDECLARED_SELECTOR = YES;
				GCC_WARN_UNINITIALIZED_AUTOS = YES_AGGRESSIVE;
				GCC_WARN_UNUSED_FUNCTION = YES;
				GCC_WARN_UNUSED_VARIABLE = YES;
				IPHONEOS_DEPLOYMENT_TARGET = 15.2;
				MTL_ENABLE_DEBUG_INFO = INCLUDE_SOURCE;
				MTL_FAST_MATH = YES;
				ONLY_ACTIVE_ARCH = YES;
				SDKROOT = iphoneos;
				SWIFT_ACTIVE_COMPILATION_CONDITIONS = DEBUG;
				SWIFT_OPTIMIZATION_LEVEL = "-Onone";
			};
			name = Debug;
		};
		1369DDAB27D42B3300FC6343 /* Release */ = {
			isa = XCBuildConfiguration;
			buildSettings = {
				ALWAYS_SEARCH_USER_PATHS = NO;
				CLANG_ANALYZER_NONNULL = YES;
				CLANG_ANALYZER_NUMBER_OBJECT_CONVERSION = YES_AGGRESSIVE;
				CLANG_CXX_LANGUAGE_STANDARD = "gnu++17";
				CLANG_CXX_LIBRARY = "libc++";
				CLANG_ENABLE_MODULES = YES;
				CLANG_ENABLE_OBJC_ARC = YES;
				CLANG_ENABLE_OBJC_WEAK = YES;
				CLANG_WARN_BLOCK_CAPTURE_AUTORELEASING = YES;
				CLANG_WARN_BOOL_CONVERSION = YES;
				CLANG_WARN_COMMA = YES;
				CLANG_WARN_CONSTANT_CONVERSION = YES;
				CLANG_WARN_DEPRECATED_OBJC_IMPLEMENTATIONS = YES;
				CLANG_WARN_DIRECT_OBJC_ISA_USAGE = YES_ERROR;
				CLANG_WARN_DOCUMENTATION_COMMENTS = YES;
				CLANG_WARN_EMPTY_BODY = YES;
				CLANG_WARN_ENUM_CONVERSION = YES;
				CLANG_WARN_INFINITE_RECURSION = YES;
				CLANG_WARN_INT_CONVERSION = YES;
				CLANG_WARN_NON_LITERAL_NULL_CONVERSION = YES;
				CLANG_WARN_OBJC_IMPLICIT_RETAIN_SELF = YES;
				CLANG_WARN_OBJC_LITERAL_CONVERSION = YES;
				CLANG_WARN_OBJC_ROOT_CLASS = YES_ERROR;
				CLANG_WARN_QUOTED_INCLUDE_IN_FRAMEWORK_HEADER = YES;
				CLANG_WARN_RANGE_LOOP_ANALYSIS = YES;
				CLANG_WARN_STRICT_PROTOTYPES = YES;
				CLANG_WARN_SUSPICIOUS_MOVE = YES;
				CLANG_WARN_UNGUARDED_AVAILABILITY = YES_AGGRESSIVE;
				CLANG_WARN_UNREACHABLE_CODE = YES;
				CLANG_WARN__DUPLICATE_METHOD_MATCH = YES;
				COPY_PHASE_STRIP = NO;
				DEBUG_INFORMATION_FORMAT = "dwarf-with-dsym";
				ENABLE_NS_ASSERTIONS = NO;
				ENABLE_STRICT_OBJC_MSGSEND = YES;
				GCC_C_LANGUAGE_STANDARD = gnu11;
				GCC_NO_COMMON_BLOCKS = YES;
				GCC_WARN_64_TO_32_BIT_CONVERSION = YES;
				GCC_WARN_ABOUT_RETURN_TYPE = YES_ERROR;
				GCC_WARN_UNDECLARED_SELECTOR = YES;
				GCC_WARN_UNINITIALIZED_AUTOS = YES_AGGRESSIVE;
				GCC_WARN_UNUSED_FUNCTION = YES;
				GCC_WARN_UNUSED_VARIABLE = YES;
				IPHONEOS_DEPLOYMENT_TARGET = 15.2;
				MTL_ENABLE_DEBUG_INFO = NO;
				MTL_FAST_MATH = YES;
				SDKROOT = iphoneos;
				SWIFT_COMPILATION_MODE = wholemodule;
				SWIFT_OPTIMIZATION_LEVEL = "-O";
				VALIDATE_PRODUCT = YES;
			};
			name = Release;
		};
		1369DDAD27D42B3300FC6343 /* Debug */ = {
			isa = XCBuildConfiguration;
			buildSettings = {
				ASSETCATALOG_COMPILER_APPICON_NAME = AppIcon;
				ASSETCATALOG_COMPILER_GLOBAL_ACCENT_COLOR_NAME = AccentColor;
				CODE_SIGN_STYLE = Automatic;
				CURRENT_PROJECT_VERSION = 1;
				DEVELOPMENT_ASSET_PATHS = "\"Iquiz/Preview Content\"";
				ENABLE_PREVIEWS = YES;
				GENERATE_INFOPLIST_FILE = YES;
				INFOPLIST_KEY_UIApplicationSceneManifest_Generation = YES;
				INFOPLIST_KEY_UIApplicationSupportsIndirectInputEvents = YES;
				INFOPLIST_KEY_UILaunchScreen_Generation = YES;
				INFOPLIST_KEY_UISupportedInterfaceOrientations_iPad = "UIInterfaceOrientationPortrait UIInterfaceOrientationPortraitUpsideDown UIInterfaceOrientationLandscapeLeft UIInterfaceOrientationLandscapeRight";
				INFOPLIST_KEY_UISupportedInterfaceOrientations_iPhone = "UIInterfaceOrientationPortrait UIInterfaceOrientationLandscapeLeft UIInterfaceOrientationLandscapeRight";
				LD_RUNPATH_SEARCH_PATHS = (
					"$(inherited)",
					"@executable_path/Frameworks",
				);
				MARKETING_VERSION = 1.0;
				PRODUCT_BUNDLE_IDENTIFIER = dev.dianait.Iquiz;
				PRODUCT_NAME = "$(TARGET_NAME)";
				SWIFT_EMIT_LOC_STRINGS = YES;
				SWIFT_VERSION = 5.0;
				TARGETED_DEVICE_FAMILY = "1,2";
			};
			name = Debug;
		};
		1369DDAE27D42B3300FC6343 /* Release */ = {
			isa = XCBuildConfiguration;
			buildSettings = {
				ASSETCATALOG_COMPILER_APPICON_NAME = AppIcon;
				ASSETCATALOG_COMPILER_GLOBAL_ACCENT_COLOR_NAME = AccentColor;
				CODE_SIGN_STYLE = Automatic;
				CURRENT_PROJECT_VERSION = 1;
				DEVELOPMENT_ASSET_PATHS = "\"Iquiz/Preview Content\"";
				ENABLE_PREVIEWS = YES;
				GENERATE_INFOPLIST_FILE = YES;
				INFOPLIST_KEY_UIApplicationSceneManifest_Generation = YES;
				INFOPLIST_KEY_UIApplicationSupportsIndirectInputEvents = YES;
				INFOPLIST_KEY_UILaunchScreen_Generation = YES;
				INFOPLIST_KEY_UISupportedInterfaceOrientations_iPad = "UIInterfaceOrientationPortrait UIInterfaceOrientationPortraitUpsideDown UIInterfaceOrientationLandscapeLeft UIInterfaceOrientationLandscapeRight";
				INFOPLIST_KEY_UISupportedInterfaceOrientations_iPhone = "UIInterfaceOrientationPortrait UIInterfaceOrientationLandscapeLeft UIInterfaceOrientationLandscapeRight";
				LD_RUNPATH_SEARCH_PATHS = (
					"$(inherited)",
					"@executable_path/Frameworks",
				);
				MARKETING_VERSION = 1.0;
				PRODUCT_BUNDLE_IDENTIFIER = dev.dianait.Iquiz;
				PRODUCT_NAME = "$(TARGET_NAME)";
				SWIFT_EMIT_LOC_STRINGS = YES;
				SWIFT_VERSION = 5.0;
				TARGETED_DEVICE_FAMILY = "1,2";
			};
			name = Release;
		};
		13F7502B2E2AE07900119B8A /* Debug */ = {
			isa = XCBuildConfiguration;
			buildSettings = {
				ASSETCATALOG_COMPILER_GENERATE_SWIFT_ASSET_SYMBOL_EXTENSIONS = YES;
				CLANG_CXX_LANGUAGE_STANDARD = "gnu++20";
				CODE_SIGN_STYLE = Automatic;
				CURRENT_PROJECT_VERSION = 1;
				DEVELOPMENT_TEAM = 7G4S2SGHRL;
				ENABLE_USER_SCRIPT_SANDBOXING = YES;
				GCC_C_LANGUAGE_STANDARD = gnu17;
				GENERATE_INFOPLIST_FILE = YES;
				IPHONEOS_DEPLOYMENT_TARGET = 18.0;
				LOCALIZATION_PREFERS_STRING_CATALOGS = YES;
				MARKETING_VERSION = 1.0;
				PRODUCT_BUNDLE_IDENTIFIER = dev.dianait.UITests;
				PRODUCT_NAME = "$(TARGET_NAME)";
				SWIFT_ACTIVE_COMPILATION_CONDITIONS = "DEBUG $(inherited)";
				SWIFT_EMIT_LOC_STRINGS = NO;
				SWIFT_VERSION = 5.0;
				TARGETED_DEVICE_FAMILY = "1,2";
				TEST_TARGET_NAME = Iquiz;
			};
			name = Debug;
		};
		13F7502C2E2AE07900119B8A /* Release */ = {
			isa = XCBuildConfiguration;
			buildSettings = {
				ASSETCATALOG_COMPILER_GENERATE_SWIFT_ASSET_SYMBOL_EXTENSIONS = YES;
				CLANG_CXX_LANGUAGE_STANDARD = "gnu++20";
				CODE_SIGN_STYLE = Automatic;
				CURRENT_PROJECT_VERSION = 1;
				DEVELOPMENT_TEAM = 7G4S2SGHRL;
				ENABLE_USER_SCRIPT_SANDBOXING = YES;
				GCC_C_LANGUAGE_STANDARD = gnu17;
				GENERATE_INFOPLIST_FILE = YES;
				IPHONEOS_DEPLOYMENT_TARGET = 18.0;
				LOCALIZATION_PREFERS_STRING_CATALOGS = YES;
				MARKETING_VERSION = 1.0;
				PRODUCT_BUNDLE_IDENTIFIER = dev.dianait.UITests;
				PRODUCT_NAME = "$(TARGET_NAME)";
				SWIFT_EMIT_LOC_STRINGS = NO;
				SWIFT_VERSION = 5.0;
				TARGETED_DEVICE_FAMILY = "1,2";
				TEST_TARGET_NAME = Iquiz;
			};
			name = Release;
		};
		13F750382E2AE0AC00119B8A /* Debug */ = {
			isa = XCBuildConfiguration;
			buildSettings = {
				ASSETCATALOG_COMPILER_GENERATE_SWIFT_ASSET_SYMBOL_EXTENSIONS = YES;
				BUNDLE_LOADER = "$(TEST_HOST)";
				CLANG_CXX_LANGUAGE_STANDARD = "gnu++20";
				CODE_SIGN_STYLE = Automatic;
				CURRENT_PROJECT_VERSION = 1;
				DEVELOPMENT_TEAM = 7G4S2SGHRL;
				ENABLE_USER_SCRIPT_SANDBOXING = YES;
				GCC_C_LANGUAGE_STANDARD = gnu17;
				GENERATE_INFOPLIST_FILE = YES;
				IPHONEOS_DEPLOYMENT_TARGET = 18.5;
				LOCALIZATION_PREFERS_STRING_CATALOGS = YES;
				MARKETING_VERSION = 1.0;
				PRODUCT_BUNDLE_IDENTIFIER = dev.dianait.Tests;
				PRODUCT_NAME = "$(TARGET_NAME)";
				SWIFT_ACTIVE_COMPILATION_CONDITIONS = "DEBUG $(inherited)";
				SWIFT_EMIT_LOC_STRINGS = NO;
				SWIFT_VERSION = 5.0;
				TARGETED_DEVICE_FAMILY = "1,2";
				TEST_HOST = "$(BUILT_PRODUCTS_DIR)/Iquiz.app/$(BUNDLE_EXECUTABLE_FOLDER_PATH)/Iquiz";
			};
			name = Debug;
		};
		13F750392E2AE0AC00119B8A /* Release */ = {
			isa = XCBuildConfiguration;
			buildSettings = {
				ASSETCATALOG_COMPILER_GENERATE_SWIFT_ASSET_SYMBOL_EXTENSIONS = YES;
				BUNDLE_LOADER = "$(TEST_HOST)";
				CLANG_CXX_LANGUAGE_STANDARD = "gnu++20";
				CODE_SIGN_STYLE = Automatic;
				CURRENT_PROJECT_VERSION = 1;
				DEVELOPMENT_TEAM = 7G4S2SGHRL;
				ENABLE_USER_SCRIPT_SANDBOXING = YES;
				GCC_C_LANGUAGE_STANDARD = gnu17;
				GENERATE_INFOPLIST_FILE = YES;
				IPHONEOS_DEPLOYMENT_TARGET = 18.5;
				LOCALIZATION_PREFERS_STRING_CATALOGS = YES;
				MARKETING_VERSION = 1.0;
				PRODUCT_BUNDLE_IDENTIFIER = dev.dianait.Tests;
				PRODUCT_NAME = "$(TARGET_NAME)";
				SWIFT_EMIT_LOC_STRINGS = NO;
				SWIFT_VERSION = 5.0;
				TARGETED_DEVICE_FAMILY = "1,2";
				TEST_HOST = "$(BUILT_PRODUCTS_DIR)/Iquiz.app/$(BUNDLE_EXECUTABLE_FOLDER_PATH)/Iquiz";
			};
			name = Release;
		};
/* End XCBuildConfiguration section */

/* Begin XCConfigurationList section */
		1369DD8327D42B3000FC6343 /* Build configuration list for PBXProject "Iquiz" */ = {
			isa = XCConfigurationList;
			buildConfigurations = (
				1369DDAA27D42B3300FC6343 /* Debug */,
				1369DDAB27D42B3300FC6343 /* Release */,
			);
			defaultConfigurationIsVisible = 0;
			defaultConfigurationName = Release;
		};
		1369DDAC27D42B3300FC6343 /* Build configuration list for PBXNativeTarget "Iquiz" */ = {
			isa = XCConfigurationList;
			buildConfigurations = (
				1369DDAD27D42B3300FC6343 /* Debug */,
				1369DDAE27D42B3300FC6343 /* Release */,
			);
			defaultConfigurationIsVisible = 0;
			defaultConfigurationName = Release;
		};
		13F7502A2E2AE07900119B8A /* Build configuration list for PBXNativeTarget "UITests" */ = {
			isa = XCConfigurationList;
			buildConfigurations = (
				13F7502B2E2AE07900119B8A /* Debug */,
				13F7502C2E2AE07900119B8A /* Release */,
			);
			defaultConfigurationIsVisible = 0;
			defaultConfigurationName = Release;
		};
		13F750372E2AE0AC00119B8A /* Build configuration list for PBXNativeTarget "Tests" */ = {
			isa = XCConfigurationList;
			buildConfigurations = (
				13F750382E2AE0AC00119B8A /* Debug */,
				13F750392E2AE0AC00119B8A /* Release */,
			);
			defaultConfigurationIsVisible = 0;
			defaultConfigurationName = Release;
		};
/* End XCConfigurationList section */
	};
	rootObject = 1369DD8027D42B3000FC6343 /* Project object */;
}
